
Microsoft Visual Studio Solution File, Format Version 12.00
# Visual Studio Version 17
VisualStudioVersion = 17.8.34525.116
MinimumVisualStudioVersion = 10.0.40219.1
Project("{9A19103F-16F7-4668-BE54-9A1E7A4F7556}") = "TURNERO", "TURNERO\TURNERO.csproj", "{698E39D2-6106-4002-8B38-2ECA6DB61747}"
EndProject
Global
	GlobalSection(SolutionConfigurationPlatforms) = preSolution
		Debug|Any CPU = Debug|Any CPU
		Release|Any CPU = Release|Any CPU
	EndGlobalSection
	GlobalSection(ProjectConfigurationPlatforms) = postSolution
		{698E39D2-6106-4002-8B38-2ECA6DB61747}.Debug|Any CPU.ActiveCfg = Debug|Any CPU
		{698E39D2-6106-4002-8B38-2ECA6DB61747}.Debug|Any CPU.Build.0 = Debug|Any CPU
		{698E39D2-6106-4002-8B38-2ECA6DB61747}.Release|Any CPU.ActiveCfg = Release|Any CPU
		{698E39D2-6106-4002-8B38-2ECA6DB61747}.Release|Any CPU.Build.0 = Release|Any CPU
	EndGlobalSection
	GlobalSection(SolutionProperties) = preSolution
		HideSolutionNode = FALSE
	EndGlobalSection
	GlobalSection(ExtensibilityGlobals) = postSolution
		SolutionGuid = {861A53E1-60B3-4539-841E-A5CB4AA1181F}
	EndGlobalSection
EndGlobal
